
Microsoft Visual Studio Solution File, Format Version 12.00
# Visual Studio Version 16
VisualStudioVersion = 16.0.32106.194
MinimumVisualStudioVersion = 10.0.40219.1
Project("{FAE04EC0-301F-11D3-BF4B-00C04F79EFBC}") = "ExporterOfExileCN", "ExporterOfExileCN\ExporterOfExileCN.csproj", "{27DBD8D9-CBF1-4863-8888-5ACC489727C7}"
EndProject
Global
	GlobalSection(SolutionConfigurationPlatforms) = preSolution
		Debug|Any CPU = Debug|Any CPU
		Release|Any CPU = Release|Any CPU
	EndGlobalSection
	GlobalSection(ProjectConfigurationPlatforms) = postSolution
		{27DBD8D9-CBF1-4863-8888-5ACC489727C7}.Debug|Any CPU.ActiveCfg = Debug|Any CPU
		{27DBD8D9-CBF1-4863-8888-5ACC489727C7}.Debug|Any CPU.Build.0 = Debug|Any CPU
		{27DBD8D9-CBF1-4863-8888-5ACC489727C7}.Release|Any CPU.ActiveCfg = Release|Any CPU
		{27DBD8D9-CBF1-4863-8888-5ACC489727C7}.Release|Any CPU.Build.0 = Release|Any CPU
	EndGlobalSection
	GlobalSection(SolutionProperties) = preSolution
		HideSolutionNode = FALSE
	EndGlobalSection
	GlobalSection(ExtensibilityGlobals) = postSolution
		SolutionGuid = {2790B912-8AEE-4F61-B5EB-10C60746B1AF}
	EndGlobalSection
EndGlobal
